
Microsoft Visual Studio Solution File, Format Version 12.00
# Visual Studio Version 16
VisualStudioVersion = 16.0.32630.194
MinimumVisualStudioVersion = 10.0.40219.1
Project("{FAE04EC0-301F-11D3-BF4B-00C04F79EFBC}") = "TestingGroupJ", "TestingGroupJ\TestingGroupJ.csproj", "{2852350D-F9AC-47A5-8DC2-92C725690BA4}"
EndProject
Global
	GlobalSection(SolutionConfigurationPlatforms) = preSolution
		Debug|Any CPU = Debug|Any CPU
		Release|Any CPU = Release|Any CPU
	EndGlobalSection
	GlobalSection(ProjectConfigurationPlatforms) = postSolution
		{2852350D-F9AC-47A5-8DC2-92C725690BA4}.Debug|Any CPU.ActiveCfg = Debug|Any CPU
		{2852350D-F9AC-47A5-8DC2-92C725690BA4}.Debug|Any CPU.Build.0 = Debug|Any CPU
		{2852350D-F9AC-47A5-8DC2-92C725690BA4}.Release|Any CPU.ActiveCfg = Release|Any CPU
		{2852350D-F9AC-47A5-8DC2-92C725690BA4}.Release|Any CPU.Build.0 = Release|Any CPU
	EndGlobalSection
	GlobalSection(SolutionProperties) = preSolution
		HideSolutionNode = FALSE
	EndGlobalSection
	GlobalSection(ExtensibilityGlobals) = postSolution
		SolutionGuid = {8A7533D0-C756-4452-9B9E-F2E28EE8BA2F}
	EndGlobalSection
EndGlobal
